
Microsoft Visual Studio Solution File, Format Version 12.00
# Visual Studio 15
VisualStudioVersion = 15.0.27906.1
MinimumVisualStudioVersion = 10.0.40219.1
Project("{9092AA53-FB77-4645-B42D-1CCCA6BD08BD}") = "biodeepMSMSViewer", "biodeepMSMSViewer.njsproj", "{345C4454-3B07-48A4-91E7-424342E56A67}"
EndProject
Project("{9092AA53-FB77-4645-B42D-1CCCA6BD08BD}") = "LINQ.ts", "..\data.ts\LINQ.ts\LINQ.ts.njsproj", "{E0AEC189-6D05-47E4-9F69-DAFE43AC8398}"
EndProject
Project("{9092AA53-FB77-4645-B42D-1CCCA6BD08BD}") = "BioDeep_mz-web", "..\mzXML-web\BioDeep_mz-web\BioDeep_mz-web.njsproj", "{293B88F8-D6F0-4FE7-906D-7F62747A4046}"
EndProject
Project("{2150E333-8FDC-42A3-9474-1A3956D46DE8}") = "runtime", "runtime", "{67B55190-0648-4FD5-80AE-FE7906E2E4A0}"
EndProject
Global
	GlobalSection(SolutionConfigurationPlatforms) = preSolution
		Debug|Any CPU = Debug|Any CPU
		Release|Any CPU = Release|Any CPU
	EndGlobalSection
	GlobalSection(ProjectConfigurationPlatforms) = postSolution
		{345C4454-3B07-48A4-91E7-424342E56A67}.Debug|Any CPU.ActiveCfg = Debug|Any CPU
		{345C4454-3B07-48A4-91E7-424342E56A67}.Debug|Any CPU.Build.0 = Debug|Any CPU
		{345C4454-3B07-48A4-91E7-424342E56A67}.Release|Any CPU.ActiveCfg = Release|Any CPU
		{345C4454-3B07-48A4-91E7-424342E56A67}.Release|Any CPU.Build.0 = Release|Any CPU
		{E0AEC189-6D05-47E4-9F69-DAFE43AC8398}.Debug|Any CPU.ActiveCfg = Debug|Any CPU
		{E0AEC189-6D05-47E4-9F69-DAFE43AC8398}.Debug|Any CPU.Build.0 = Debug|Any CPU
		{E0AEC189-6D05-47E4-9F69-DAFE43AC8398}.Release|Any CPU.ActiveCfg = Release|Any CPU
		{E0AEC189-6D05-47E4-9F69-DAFE43AC8398}.Release|Any CPU.Build.0 = Release|Any CPU
		{293B88F8-D6F0-4FE7-906D-7F62747A4046}.Debug|Any CPU.ActiveCfg = Debug|Any CPU
		{293B88F8-D6F0-4FE7-906D-7F62747A4046}.Debug|Any CPU.Build.0 = Debug|Any CPU
		{293B88F8-D6F0-4FE7-906D-7F62747A4046}.Release|Any CPU.ActiveCfg = Release|Any CPU
		{293B88F8-D6F0-4FE7-906D-7F62747A4046}.Release|Any CPU.Build.0 = Release|Any CPU
	EndGlobalSection
	GlobalSection(SolutionProperties) = preSolution
		HideSolutionNode = FALSE
	EndGlobalSection
	GlobalSection(NestedProjects) = preSolution
		{E0AEC189-6D05-47E4-9F69-DAFE43AC8398} = {67B55190-0648-4FD5-80AE-FE7906E2E4A0}
		{293B88F8-D6F0-4FE7-906D-7F62747A4046} = {67B55190-0648-4FD5-80AE-FE7906E2E4A0}
	EndGlobalSection
	GlobalSection(ExtensibilityGlobals) = postSolution
		SolutionGuid = {9156527B-1794-4CCB-A2F6-5E29D06B57FD}
	EndGlobalSection
EndGlobal
