{
  "name": "biodeep-msmsviewer",
  "version": "0.0.0",
  "lockfileVersion": 1,
  "requires": true,
  "dependencies": {
    "@types/d3": {
      "version": "3.5.41",
      "resolved": "https://registry.npmjs.org/@types/d3/-/d3-3.5.41.tgz",
      "integrity": "sha512-dInnr7nSPsofnLggOf70xvsInUjf3tRrE8XmxsioXALWQHkwEWi7RhTBCa9mYmiUDHMtuanSDN/JOW187ChIhw=="
    },
    "@types/d3-tip": {
      "version": "3.5.5",
      "resolved": "https://registry.npmjs.org/@types/d3-tip/-/d3-tip-3.5.5.tgz",
      "integrity": "sha512-MWt1tlChRfHZtwBh8kIOrJo//TC5cdH5UN+KwcAs4wbFi6wnQJtk/MY4LBr/ZG7b2BQmRNJXu+EMI6NnH6VmxQ==",
      "requires": {
        "@types/d3": "^3"
      }
    },
    "@types/jquery": {
      "version": "3.2.11",
      "resolved": "https://registry.npmjs.org/@types/jquery/-/jquery-3.2.11.tgz",
      "integrity": "sha512-Hu1JquYz58pcLLJU4AWvtvo0Yq5HbEHGGJV/XlTfJtePxbpT1mzfGr6FlH08wTi/ClR2yUb21/P/lgoH+LrRow==",
      "dev": true
    },
    "@types/node": {
      "version": "8.10.36",
      "resolved": "https://registry.npmjs.org/@types/node/-/node-8.10.36.tgz",
      "integrity": "sha512-SL6KhfM7PTqiFmbCW3eVNwVBZ+88Mrzbuvn9olPsfv43mbiWaFY+nRcz/TGGku0/lc2FepdMbImdMY1JrQ+zbw==",
      "dev": true
    }
  }
}
