{
  "name": "mz-browser",
  "version": "0.0.0",
  "lockfileVersion": 1,
  "requires": true,
  "dependencies": {
    "@types/d3": {
      "version": "3.5.41",
      "resolved": "https://registry.npmjs.org/@types/d3/-/d3-3.5.41.tgz",
      "integrity": "sha512-dInnr7nSPsofnLggOf70xvsInUjf3tRrE8XmxsioXALWQHkwEWi7RhTBCa9mYmiUDHMtuanSDN/JOW187ChIhw==",
      "dev": true
    },
    "@types/d3-tip": {
      "version": "3.5.5",
      "resolved": "https://registry.npmjs.org/@types/d3-tip/-/d3-tip-3.5.5.tgz",
      "integrity": "sha512-MWt1tlChRfHZtwBh8kIOrJo//TC5cdH5UN+KwcAs4wbFi6wnQJtk/MY4LBr/ZG7b2BQmRNJXu+EMI6NnH6VmxQ==",
      "requires": {
        "@types/d3": "3.5.42"
      },
      "dependencies": {
        "@types/d3": {
          "version": "3.5.42",
          "resolved": "https://registry.npmjs.org/@types/d3/-/d3-3.5.42.tgz",
          "integrity": "sha512-jKnkXluwSAzkvR19zjCHvLYgsWuDqpeE79NrhWrqhKqrx3sgTRqqt4SKaxSy+N7mt1J04Xy4L0/cKdfIgnjzVQ=="
        }
      }
    },
    "@types/jquery": {
      "version": "3.2.11",
      "resolved": "https://registry.npmjs.org/@types/jquery/-/jquery-3.2.11.tgz",
      "integrity": "sha512-Hu1JquYz58pcLLJU4AWvtvo0Yq5HbEHGGJV/XlTfJtePxbpT1mzfGr6FlH08wTi/ClR2yUb21/P/lgoH+LrRow==",
      "dev": true
    },
    "@types/node": {
      "version": "8.10.49",
      "resolved": "https://registry.npmjs.org/@types/node/-/node-8.10.49.tgz",
      "integrity": "sha512-YX30JVx0PvSmJ3Eqr74fYLGeBxD+C7vIL20ek+GGGLJeUbVYRUW3EzyAXpIRA0K8c8o0UWqR/GwEFYiFoz1T8w==",
      "dev": true
    }
  }
}
